
Microsoft Visual Studio Solution File, Format Version 12.00
# Visual Studio Version 17
VisualStudioVersion = 17.0.32014.148
MinimumVisualStudioVersion = 10.0.40219.1
Project("{9A19103F-16F7-4668-BE54-9A1E7A4F7556}") = "AS_WebAPI1_App_Metrics", "AS_WebAPI1_App_Metrics.csproj", "{5E710D71-18C0-4504-AB4E-0BDBB6014D3A}"
EndProject
Project("{FAE04EC0-301F-11D3-BF4B-00C04F79EFBC}") = "WebAPI_OpenTelemetry", "..\WebAPI_OpenTelemetry\WebAPI_OpenTelemetry.csproj", "{FD0BCEE8-A19A-4D36-96CE-445E3E7834CA}"
EndProject
Project("{FAE04EC0-301F-11D3-BF4B-00C04F79EFBC}") = "BlazorApp1.Server", "..\BlazorApp1\Server\BlazorApp1.Server.csproj", "{BAA7D6E5-B0A7-4E3F-8B54-050187FA0FB7}"
EndProject
Project("{FAE04EC0-301F-11D3-BF4B-00C04F79EFBC}") = "BlazorApp1.Client", "..\BlazorApp1\Client\BlazorApp1.Client.csproj", "{BAC2BE39-55D9-4187-864C-CA817B1D18E0}"
EndProject
Project("{FAE04EC0-301F-11D3-BF4B-00C04F79EFBC}") = "BlazorApp1.Shared", "..\BlazorApp1\Shared\BlazorApp1.Shared.csproj", "{E70EB370-54FE-4FC7-AC28-523EC97143B7}"
EndProject
Global
	GlobalSection(SolutionConfigurationPlatforms) = preSolution
		Debug|Any CPU = Debug|Any CPU
		Release|Any CPU = Release|Any CPU
	EndGlobalSection
	GlobalSection(ProjectConfigurationPlatforms) = postSolution
		{5E710D71-18C0-4504-AB4E-0BDBB6014D3A}.Debug|Any CPU.ActiveCfg = Debug|Any CPU
		{5E710D71-18C0-4504-AB4E-0BDBB6014D3A}.Debug|Any CPU.Build.0 = Debug|Any CPU
		{5E710D71-18C0-4504-AB4E-0BDBB6014D3A}.Release|Any CPU.ActiveCfg = Release|Any CPU
		{5E710D71-18C0-4504-AB4E-0BDBB6014D3A}.Release|Any CPU.Build.0 = Release|Any CPU
		{FD0BCEE8-A19A-4D36-96CE-445E3E7834CA}.Debug|Any CPU.ActiveCfg = Debug|Any CPU
		{FD0BCEE8-A19A-4D36-96CE-445E3E7834CA}.Debug|Any CPU.Build.0 = Debug|Any CPU
		{FD0BCEE8-A19A-4D36-96CE-445E3E7834CA}.Release|Any CPU.ActiveCfg = Release|Any CPU
		{FD0BCEE8-A19A-4D36-96CE-445E3E7834CA}.Release|Any CPU.Build.0 = Release|Any CPU
		{BAA7D6E5-B0A7-4E3F-8B54-050187FA0FB7}.Debug|Any CPU.ActiveCfg = Debug|Any CPU
		{BAA7D6E5-B0A7-4E3F-8B54-050187FA0FB7}.Debug|Any CPU.Build.0 = Debug|Any CPU
		{BAA7D6E5-B0A7-4E3F-8B54-050187FA0FB7}.Release|Any CPU.ActiveCfg = Release|Any CPU
		{BAA7D6E5-B0A7-4E3F-8B54-050187FA0FB7}.Release|Any CPU.Build.0 = Release|Any CPU
		{BAC2BE39-55D9-4187-864C-CA817B1D18E0}.Debug|Any CPU.ActiveCfg = Debug|Any CPU
		{BAC2BE39-55D9-4187-864C-CA817B1D18E0}.Debug|Any CPU.Build.0 = Debug|Any CPU
		{BAC2BE39-55D9-4187-864C-CA817B1D18E0}.Release|Any CPU.ActiveCfg = Release|Any CPU
		{BAC2BE39-55D9-4187-864C-CA817B1D18E0}.Release|Any CPU.Build.0 = Release|Any CPU
		{E70EB370-54FE-4FC7-AC28-523EC97143B7}.Debug|Any CPU.ActiveCfg = Debug|Any CPU
		{E70EB370-54FE-4FC7-AC28-523EC97143B7}.Debug|Any CPU.Build.0 = Debug|Any CPU
		{E70EB370-54FE-4FC7-AC28-523EC97143B7}.Release|Any CPU.ActiveCfg = Release|Any CPU
		{E70EB370-54FE-4FC7-AC28-523EC97143B7}.Release|Any CPU.Build.0 = Release|Any CPU
	EndGlobalSection
	GlobalSection(SolutionProperties) = preSolution
		HideSolutionNode = FALSE
	EndGlobalSection
	GlobalSection(ExtensibilityGlobals) = postSolution
		SolutionGuid = {979870B8-0A54-4422-B932-627F0EFC2FDD}
	EndGlobalSection
EndGlobal
